github.com/edebernis/sizematch-protobuf/build/go v0.0.7 h1:x+g+pJRPrUxlzlwV2xEcKxZ1Bb4jG9qkPdf7Ozfiy1o=
github.com/edebernis/sizematch-protobuf/build/go v0.0.7/go.mod h1:jQEPTk3gwQ8FTpoLAY5dnQG2NC2SKTKas90eIAWAy64=
github.com/elastic/go-elasticsearch/v8 v8.0.0-20200408073057-6f36a473b19f h1:XsLICzT1XFbVRQY04+Bk7sr4Fus7KhEOLm9IIOU/M/E=
github.com/elastic/go-elasticsearch/v8 v8.0.0-20200408073057-6f36a473b19f/go.mod h1:xe9a/L2aeOgFKKgrO3ibQTnMdpAeL0GC+5/HpGScSa4=
github.com/golang/protobuf v1.3.5 h1:F768QJ1E9tib+q5Sc8MkdJi1RxLTbRcTf8LJV56aRls=
github.com/golang/protobuf v1.3.5/go.mod h1:6O5/vntMXwX2lRkT1hjjk0nAC1IDOTvTlVgjlRvqsdk=
github.com/streadway/amqp v0.0.0-20200108173154-1c71cc93ed71 h1:2MR0pKUzlP3SGgj5NYJe/zRYDwOu9ku6YHy+Iw7l5DM=
github.com/streadway/amqp v0.0.0-20200108173154-1c71cc93ed71/go.mod h1:AZpEONHx3DKn8O/DFsRAY58/XVQiIPMTMB1SddzLXVw=
