github.com/edebernis/sizematch-protobuf v0.0.5 h1:1ucHIBXqvX1qpIN/RjjpKXGDHmN7pAUQ05IBPWHFAv0=
github.com/edebernis/sizematch-protobuf/build/go v0.0.5 h1:APVEZoI/LD3VhbxB0HNjZ1cGGrvA+Dz03xc9BqBbw2U=
github.com/edebernis/sizematch-protobuf/build/go v0.0.5/go.mod h1:jQEPTk3gwQ8FTpoLAY5dnQG2NC2SKTKas90eIAWAy64=
github.com/golang/protobuf v1.3.5 h1:F768QJ1E9tib+q5Sc8MkdJi1RxLTbRcTf8LJV56aRls=
github.com/golang/protobuf v1.3.5/go.mod h1:6O5/vntMXwX2lRkT1hjjk0nAC1IDOTvTlVgjlRvqsdk=
github.com/streadway/amqp v0.0.0-20200108173154-1c71cc93ed71 h1:2MR0pKUzlP3SGgj5NYJe/zRYDwOu9ku6YHy+Iw7l5DM=
github.com/streadway/amqp v0.0.0-20200108173154-1c71cc93ed71/go.mod h1:AZpEONHx3DKn8O/DFsRAY58/XVQiIPMTMB1SddzLXVw=
